// !$*UTF8*$!
{
	archiveVersion = 1;
	classes = {
	};
	objectVersion = 55;
	objects = {

/* Begin PBXBuildFile section */
		042698D027D1B4A4000222ED /* ContactTableViewCell.swift in Sources */ = {isa = PBXBuildFile; fileRef = 042698CF27D1B4A4000222ED /* ContactTableViewCell.swift */; };
		042698D227D1B5E8000222ED /* ContactScreenViewModel.swift in Sources */ = {isa = PBXBuildFile; fileRef = 042698D127D1B5E8000222ED /* ContactScreenViewModel.swift */; };
		042698D427D1B760000222ED /* ContactScreenTableViewController.swift in Sources */ = {isa = PBXBuildFile; fileRef = 042698D327D1B760000222ED /* ContactScreenTableViewController.swift */; };
		04DBE9BB27D098C500241CFA /* AppDelegate.swift in Sources */ = {isa = PBXBuildFile; fileRef = 04DBE9BA27D098C500241CFA /* AppDelegate.swift */; };
		04DBE9BD27D098C500241CFA /* SceneDelegate.swift in Sources */ = {isa = PBXBuildFile; fileRef = 04DBE9BC27D098C500241CFA /* SceneDelegate.swift */; };
		04DBE9BF27D098C500241CFA /* NewContactViewController.swift in Sources */ = {isa = PBXBuildFile; fileRef = 04DBE9BE27D098C500241CFA /* NewContactViewController.swift */; };
		04DBE9C227D098C500241CFA /* Main.storyboard in Resources */ = {isa = PBXBuildFile; fileRef = 04DBE9C027D098C500241CFA /* Main.storyboard */; };
		04DBE9C427D098CA00241CFA /* Assets.xcassets in Resources */ = {isa = PBXBuildFile; fileRef = 04DBE9C327D098CA00241CFA /* Assets.xcassets */; };
		04DBE9C727D098CA00241CFA /* LaunchScreen.storyboard in Resources */ = {isa = PBXBuildFile; fileRef = 04DBE9C527D098CA00241CFA /* LaunchScreen.storyboard */; };
		04DBE9D027D0990400241CFA /* SQLite in Frameworks */ = {isa = PBXBuildFile; productRef = 04DBE9CF27D0990400241CFA /* SQLite */; };
		04DBE9D327D09C6600241CFA /* UIImageView.swift in Sources */ = {isa = PBXBuildFile; fileRef = 04DBE9D227D09C6600241CFA /* UIImageView.swift */; };
		04DBE9D527D09D3200241CFA /* UIViewController.swift in Sources */ = {isa = PBXBuildFile; fileRef = 04DBE9D427D09D3200241CFA /* UIViewController.swift */; };
		04DBE9D827D09DD500241CFA /* Contact.swift in Sources */ = {isa = PBXBuildFile; fileRef = 04DBE9D727D09DD500241CFA /* Contact.swift */; };
		04DBE9DB27D09E1A00241CFA /* SQLiteDatabase.swift in Sources */ = {isa = PBXBuildFile; fileRef = 04DBE9DA27D09E1A00241CFA /* SQLiteDatabase.swift */; };
		04DBE9DD27D09F2100241CFA /* SQLiteCommands.swift in Sources */ = {isa = PBXBuildFile; fileRef = 04DBE9DC27D09F2100241CFA /* SQLiteCommands.swift */; };
		04DBE9E027D0A9FD00241CFA /* NewContactViewModel.swift in Sources */ = {isa = PBXBuildFile; fileRef = 04DBE9DF27D0A9FD00241CFA /* NewContactViewModel.swift */; };
/* End PBXBuildFile section */

/* Begin PBXFileReference section */
		042698CF27D1B4A4000222ED /* ContactTableViewCell.swift */ = {isa = PBXFileReference; lastKnownFileType = sourcecode.swift; path = ContactTableViewCell.swift; sourceTree = "<group>"; };
		042698D127D1B5E8000222ED /* ContactScreenViewModel.swift */ = {isa = PBXFileReference; lastKnownFileType = sourcecode.swift; path = ContactScreenViewModel.swift; sourceTree = "<group>"; };
		042698D327D1B760000222ED /* ContactScreenTableViewController.swift */ = {isa = PBXFileReference; lastKnownFileType = sourcecode.swift; path = ContactScreenTableViewController.swift; sourceTree = "<group>"; };
		04DBE9B727D098C500241CFA /* ContactList.app */ = {isa = PBXFileReference; explicitFileType = wrapper.application; includeInIndex = 0; path = ContactList.app; sourceTree = BUILT_PRODUCTS_DIR; };
		04DBE9BA27D098C500241CFA /* AppDelegate.swift */ = {isa = PBXFileReference; lastKnownFileType = sourcecode.swift; path = AppDelegate.swift; sourceTree = "<group>"; };
		04DBE9BC27D098C500241CFA /* SceneDelegate.swift */ = {isa = PBXFileReference; lastKnownFileType = sourcecode.swift; path = SceneDelegate.swift; sourceTree = "<group>"; };
		04DBE9BE27D098C500241CFA /* NewContactViewController.swift */ = {isa = PBXFileReference; lastKnownFileType = sourcecode.swift; path = NewContactViewController.swift; sourceTree = "<group>"; };
		04DBE9C127D098C500241CFA /* Base */ = {isa = PBXFileReference; lastKnownFileType = file.storyboard; name = Base; path = Base.lproj/Main.storyboard; sourceTree = "<group>"; };
		04DBE9C327D098CA00241CFA /* Assets.xcassets */ = {isa = PBXFileReference; lastKnownFileType = folder.assetcatalog; path = Assets.xcassets; sourceTree = "<group>"; };
		04DBE9C627D098CA00241CFA /* Base */ = {isa = PBXFileReference; lastKnownFileType = file.storyboard; name = Base; path = Base.lproj/LaunchScreen.storyboard; sourceTree = "<group>"; };
		04DBE9C827D098CA00241CFA /* Info.plist */ = {isa = PBXFileReference; lastKnownFileType = text.plist.xml; path = Info.plist; sourceTree = "<group>"; };
		04DBE9D227D09C6600241CFA /* UIImageView.swift */ = {isa = PBXFileReference; lastKnownFileType = sourcecode.swift; path = UIImageView.swift; sourceTree = "<group>"; };
		04DBE9D427D09D3200241CFA /* UIViewController.swift */ = {isa = PBXFileReference; lastKnownFileType = sourcecode.swift; path = UIViewController.swift; sourceTree = "<group>"; };
		04DBE9D727D09DD500241CFA /* Contact.swift */ = {isa = PBXFileReference; lastKnownFileType = sourcecode.swift; path = Contact.swift; sourceTree = "<group>"; };
		04DBE9DA27D09E1A00241CFA /* SQLiteDatabase.swift */ = {isa = PBXFileReference; lastKnownFileType = sourcecode.swift; path = SQLiteDatabase.swift; sourceTree = "<group>"; };
		04DBE9DC27D09F2100241CFA /* SQLiteCommands.swift */ = {isa = PBXFileReference; lastKnownFileType = sourcecode.swift; path = SQLiteCommands.swift; sourceTree = "<group>"; };
		04DBE9DF27D0A9FD00241CFA /* NewContactViewModel.swift */ = {isa = PBXFileReference; lastKnownFileType = sourcecode.swift; path = NewContactViewModel.swift; sourceTree = "<group>"; };
/* End PBXFileReference section */

/* Begin PBXFrameworksBuildPhase section */
		04DBE9B427D098C500241CFA /* Frameworks */ = {
			isa = PBXFrameworksBuildPhase;
			buildActionMask = 2147483647;
			files = (
				04DBE9D027D0990400241CFA /* SQLite in Frameworks */,
			);
			runOnlyForDeploymentPostprocessing = 0;
		};
/* End PBXFrameworksBuildPhase section */

/* Begin PBXGroup section */
		042698CD27D1B433000222ED /* View */ = {
			isa = PBXGroup;
			children = (
				04DBE9C027D098C500241CFA /* Main.storyboard */,
				042698CF27D1B4A4000222ED /* ContactTableViewCell.swift */,
			);
			path = View;
			sourceTree = "<group>";
		};
		042698CE27D1B446000222ED /* Controller */ = {
			isa = PBXGroup;
			children = (
				04DBE9BE27D098C500241CFA /* NewContactViewController.swift */,
				042698D327D1B760000222ED /* ContactScreenTableViewController.swift */,
			);
			path = Controller;
			sourceTree = "<group>";
		};
		04DBE9AE27D098C500241CFA = {
			isa = PBXGroup;
			children = (
				04DBE9B927D098C500241CFA /* ContactList */,
				04DBE9B827D098C500241CFA /* Products */,
			);
			sourceTree = "<group>";
		};
		04DBE9B827D098C500241CFA /* Products */ = {
			isa = PBXGroup;
			children = (
				04DBE9B727D098C500241CFA /* ContactList.app */,
			);
			name = Products;
			sourceTree = "<group>";
		};
		04DBE9B927D098C500241CFA /* ContactList */ = {
			isa = PBXGroup;
			children = (
				04DBE9D627D09DC900241CFA /* Model */,
				042698CD27D1B433000222ED /* View */,
				04DBE9DE27D0A9E100241CFA /* ViewModels */,
				042698CE27D1B446000222ED /* Controller */,
				04DBE9D927D09E0000241CFA /* SQLiteDatasource */,
				04DBE9D127D09C4C00241CFA /* Extensions */,
				04DBE9BA27D098C500241CFA /* AppDelegate.swift */,
				04DBE9BC27D098C500241CFA /* SceneDelegate.swift */,
				04DBE9C327D098CA00241CFA /* Assets.xcassets */,
				04DBE9C527D098CA00241CFA /* LaunchScreen.storyboard */,
				04DBE9C827D098CA00241CFA /* Info.plist */,
			);
			path = ContactList;
			sourceTree = "<group>";
		};
		04DBE9D127D09C4C00241CFA /* Extensions */ = {
			isa = PBXGroup;
			children = (
				04DBE9D227D09C6600241CFA /* UIImageView.swift */,
				04DBE9D427D09D3200241CFA /* UIViewController.swift */,
			);
			path = Extensions;
			sourceTree = "<group>";
		};
		04DBE9D627D09DC900241CFA /* Model */ = {
			isa = PBXGroup;
			children = (
				04DBE9D727D09DD500241CFA /* Contact.swift */,
			);
			path = Model;
			sourceTree = "<group>";
		};
		04DBE9D927D09E0000241CFA /* SQLiteDatasource */ = {
			isa = PBXGroup;
			children = (
				04DBE9DA27D09E1A00241CFA /* SQLiteDatabase.swift */,
				04DBE9DC27D09F2100241CFA /* SQLiteCommands.swift */,
			);
			path = SQLiteDatasource;
			sourceTree = "<group>";
		};
		04DBE9DE27D0A9E100241CFA /* ViewModels */ = {
			isa = PBXGroup;
			children = (
				04DBE9DF27D0A9FD00241CFA /* NewContactViewModel.swift */,
				042698D127D1B5E8000222ED /* ContactScreenViewModel.swift */,
			);
			path = ViewModels;
			sourceTree = "<group>";
		};
/* End PBXGroup section */

/* Begin PBXNativeTarget section */
		04DBE9B627D098C500241CFA /* ContactList */ = {
			isa = PBXNativeTarget;
			buildConfigurationList = 04DBE9CB27D098CA00241CFA /* Build configuration list for PBXNativeTarget "ContactList" */;
			buildPhases = (
				04DBE9B327D098C500241CFA /* Sources */,
				04DBE9B427D098C500241CFA /* Frameworks */,
				04DBE9B527D098C500241CFA /* Resources */,
			);
			buildRules = (
			);
			dependencies = (
			);
			name = ContactList;
			packageProductDependencies = (
				04DBE9CF27D0990400241CFA /* SQLite */,
			);
			productName = ContactList;
			productReference = 04DBE9B727D098C500241CFA /* ContactList.app */;
			productType = "com.apple.product-type.application";
		};
/* End PBXNativeTarget section */

/* Begin PBXProject section */
		04DBE9AF27D098C500241CFA /* Project object */ = {
			isa = PBXProject;
			attributes = {
				BuildIndependentTargetsInParallel = 1;
				LastSwiftUpdateCheck = 1320;
				LastUpgradeCheck = 1320;
				TargetAttributes = {
					04DBE9B627D098C500241CFA = {
						CreatedOnToolsVersion = 13.2.1;
					};
				};
			};
			buildConfigurationList = 04DBE9B227D098C500241CFA /* Build configuration list for PBXProject "ContactList" */;
			compatibilityVersion = "Xcode 13.0";
			developmentRegion = en;
			hasScannedForEncodings = 0;
			knownRegions = (
				en,
				Base,
			);
			mainGroup = 04DBE9AE27D098C500241CFA;
			packageReferences = (
				04DBE9CE27D0990400241CFA /* XCRemoteSwiftPackageReference "SQLite" */,
			);
			productRefGroup = 04DBE9B827D098C500241CFA /* Products */;
			projectDirPath = "";
			projectRoot = "";
			targets = (
				04DBE9B627D098C500241CFA /* ContactList */,
			);
		};
/* End PBXProject section */

/* Begin PBXResourcesBuildPhase section */
		04DBE9B527D098C500241CFA /* Resources */ = {
			isa = PBXResourcesBuildPhase;
			buildActionMask = 2147483647;
			files = (
				04DBE9C727D098CA00241CFA /* LaunchScreen.storyboard in Resources */,
				04DBE9C427D098CA00241CFA /* Assets.xcassets in Resources */,
				04DBE9C227D098C500241CFA /* Main.storyboard in Resources */,
			);
			runOnlyForDeploymentPostprocessing = 0;
		};
/* End PBXResourcesBuildPhase section */

/* Begin PBXSourcesBuildPhase section */
		04DBE9B327D098C500241CFA /* Sources */ = {
			isa = PBXSourcesBuildPhase;
			buildActionMask = 2147483647;
			files = (
				042698D427D1B760000222ED /* ContactScreenTableViewController.swift in Sources */,
				04DBE9E027D0A9FD00241CFA /* NewContactViewModel.swift in Sources */,
				042698D227D1B5E8000222ED /* ContactScreenViewModel.swift in Sources */,
				04DBE9D827D09DD500241CFA /* Contact.swift in Sources */,
				04DBE9D327D09C6600241CFA /* UIImageView.swift in Sources */,
				04DBE9BF27D098C500241CFA /* NewContactViewController.swift in Sources */,
				04DBE9DD27D09F2100241CFA /* SQLiteCommands.swift in Sources */,
				04DBE9BB27D098C500241CFA /* AppDelegate.swift in Sources */,
				042698D027D1B4A4000222ED /* ContactTableViewCell.swift in Sources */,
				04DBE9BD27D098C500241CFA /* SceneDelegate.swift in Sources */,
				04DBE9D527D09D3200241CFA /* UIViewController.swift in Sources */,
				04DBE9DB27D09E1A00241CFA /* SQLiteDatabase.swift in Sources */,
			);
			runOnlyForDeploymentPostprocessing = 0;
		};
/* End PBXSourcesBuildPhase section */

/* Begin PBXVariantGroup section */
		04DBE9C027D098C500241CFA /* Main.storyboard */ = {
			isa = PBXVariantGroup;
			children = (
				04DBE9C127D098C500241CFA /* Base */,
			);
			name = Main.storyboard;
			sourceTree = "<group>";
		};
		04DBE9C527D098CA00241CFA /* LaunchScreen.storyboard */ = {
			isa = PBXVariantGroup;
			children = (
				04DBE9C627D098CA00241CFA /* Base */,
			);
			name = LaunchScreen.storyboard;
			sourceTree = "<group>";
		};
/* End PBXVariantGroup section */

/* Begin XCBuildConfiguration section */
		04DBE9C927D098CA00241CFA /* Debug */ = {
			isa = XCBuildConfiguration;
			buildSettings = {
				ALWAYS_SEARCH_USER_PATHS = NO;
				CLANG_ANALYZER_NONNULL = YES;
				CLANG_ANALYZER_NUMBER_OBJECT_CONVERSION = YES_AGGRESSIVE;
				CLANG_CXX_LANGUAGE_STANDARD = "gnu++17";
				CLANG_CXX_LIBRARY = "libc++";
				CLANG_ENABLE_MODULES = YES;
				CLANG_ENABLE_OBJC_ARC = YES;
				CLANG_ENABLE_OBJC_WEAK = YES;
				CLANG_WARN_BLOCK_CAPTURE_AUTORELEASING = YES;
				CLANG_WARN_BOOL_CONVERSION = YES;
				CLANG_WARN_COMMA = YES;
				CLANG_WARN_CONSTANT_CONVERSION = YES;
				CLANG_WARN_DEPRECATED_OBJC_IMPLEMENTATIONS = YES;
				CLANG_WARN_DIRECT_OBJC_ISA_USAGE = YES_ERROR;
				CLANG_WARN_DOCUMENTATION_COMMENTS = YES;
				CLANG_WARN_EMPTY_BODY = YES;
				CLANG_WARN_ENUM_CONVERSION = YES;
				CLANG_WARN_INFINITE_RECURSION = YES;
				CLANG_WARN_INT_CONVERSION = YES;
				CLANG_WARN_NON_LITERAL_NULL_CONVERSION = YES;
				CLANG_WARN_OBJC_IMPLICIT_RETAIN_SELF = YES;
				CLANG_WARN_OBJC_LITERAL_CONVERSION = YES;
				CLANG_WARN_OBJC_ROOT_CLASS = YES_ERROR;
				CLANG_WARN_QUOTED_INCLUDE_IN_FRAMEWORK_HEADER = YES;
				CLANG_WARN_RANGE_LOOP_ANALYSIS = YES;
				CLANG_WARN_STRICT_PROTOTYPES = YES;
				CLANG_WARN_SUSPICIOUS_MOVE = YES;
				CLANG_WARN_UNGUARDED_AVAILABILITY = YES_AGGRESSIVE;
				CLANG_WARN_UNREACHABLE_CODE = YES;
				CLANG_WARN__DUPLICATE_METHOD_MATCH = YES;
				COPY_PHASE_STRIP = NO;
				DEBUG_INFORMATION_FORMAT = dwarf;
				ENABLE_STRICT_OBJC_MSGSEND = YES;
				ENABLE_TESTABILITY = YES;
				GCC_C_LANGUAGE_STANDARD = gnu11;
				GCC_DYNAMIC_NO_PIC = NO;
				GCC_NO_COMMON_BLOCKS = YES;
				GCC_OPTIMIZATION_LEVEL = 0;
				GCC_PREPROCESSOR_DEFINITIONS = (
					"DEBUG=1",
					"$(inherited)",
				);
				GCC_WARN_64_TO_32_BIT_CONVERSION = YES;
				GCC_WARN_ABOUT_RETURN_TYPE = YES_ERROR;
				GCC_WARN_UNDECLARED_SELECTOR = YES;
				GCC_WARN_UNINITIALIZED_AUTOS = YES_AGGRESSIVE;
				GCC_WARN_UNUSED_FUNCTION = YES;
				GCC_WARN_UNUSED_VARIABLE = YES;
				IPHONEOS_DEPLOYMENT_TARGET = 15.2;
				MTL_ENABLE_DEBUG_INFO = INCLUDE_SOURCE;
				MTL_FAST_MATH = YES;
				ONLY_ACTIVE_ARCH = YES;
				SDKROOT = iphoneos;
				SWIFT_ACTIVE_COMPILATION_CONDITIONS = DEBUG;
				SWIFT_OPTIMIZATION_LEVEL = "-Onone";
			};
			name = Debug;
		};
		04DBE9CA27D098CA00241CFA /* Release */ = {
			isa = XCBuildConfiguration;
			buildSettings = {
				ALWAYS_SEARCH_USER_PATHS = NO;
				CLANG_ANALYZER_NONNULL = YES;
				CLANG_ANALYZER_NUMBER_OBJECT_CONVERSION = YES_AGGRESSIVE;
				CLANG_CXX_LANGUAGE_STANDARD = "gnu++17";
				CLANG_CXX_LIBRARY = "libc++";
				CLANG_ENABLE_MODULES = YES;
				CLANG_ENABLE_OBJC_ARC = YES;
				CLANG_ENABLE_OBJC_WEAK = YES;
				CLANG_WARN_BLOCK_CAPTURE_AUTORELEASING = YES;
				CLANG_WARN_BOOL_CONVERSION = YES;
				CLANG_WARN_COMMA = YES;
				CLANG_WARN_CONSTANT_CONVERSION = YES;
				CLANG_WARN_DEPRECATED_OBJC_IMPLEMENTATIONS = YES;
				CLANG_WARN_DIRECT_OBJC_ISA_USAGE = YES_ERROR;
				CLANG_WARN_DOCUMENTATION_COMMENTS = YES;
				CLANG_WARN_EMPTY_BODY = YES;
				CLANG_WARN_ENUM_CONVERSION = YES;
				CLANG_WARN_INFINITE_RECURSION = YES;
				CLANG_WARN_INT_CONVERSION = YES;
				CLANG_WARN_NON_LITERAL_NULL_CONVERSION = YES;
				CLANG_WARN_OBJC_IMPLICIT_RETAIN_SELF = YES;
				CLANG_WARN_OBJC_LITERAL_CONVERSION = YES;
				CLANG_WARN_OBJC_ROOT_CLASS = YES_ERROR;
				CLANG_WARN_QUOTED_INCLUDE_IN_FRAMEWORK_HEADER = YES;
				CLANG_WARN_RANGE_LOOP_ANALYSIS = YES;
				CLANG_WARN_STRICT_PROTOTYPES = YES;
				CLANG_WARN_SUSPICIOUS_MOVE = YES;
				CLANG_WARN_UNGUARDED_AVAILABILITY = YES_AGGRESSIVE;
				CLANG_WARN_UNREACHABLE_CODE = YES;
				CLANG_WARN__DUPLICATE_METHOD_MATCH = YES;
				COPY_PHASE_STRIP = NO;
				DEBUG_INFORMATION_FORMAT = "dwarf-with-dsym";
				ENABLE_NS_ASSERTIONS = NO;
				ENABLE_STRICT_OBJC_MSGSEND = YES;
				GCC_C_LANGUAGE_STANDARD = gnu11;
				GCC_NO_COMMON_BLOCKS = YES;
				GCC_WARN_64_TO_32_BIT_CONVERSION = YES;
				GCC_WARN_ABOUT_RETURN_TYPE = YES_ERROR;
				GCC_WARN_UNDECLARED_SELECTOR = YES;
				GCC_WARN_UNINITIALIZED_AUTOS = YES_AGGRESSIVE;
				GCC_WARN_UNUSED_FUNCTION = YES;
				GCC_WARN_UNUSED_VARIABLE = YES;
				IPHONEOS_DEPLOYMENT_TARGET = 15.2;
				MTL_ENABLE_DEBUG_INFO = NO;
				MTL_FAST_MATH = YES;
				SDKROOT = iphoneos;
				SWIFT_COMPILATION_MODE = wholemodule;
				SWIFT_OPTIMIZATION_LEVEL = "-O";
				VALIDATE_PRODUCT = YES;
			};
			name = Release;
		};
		04DBE9CC27D098CA00241CFA /* Debug */ = {
			isa = XCBuildConfiguration;
			buildSettings = {
				ASSETCATALOG_COMPILER_APPICON_NAME = AppIcon;
				ASSETCATALOG_COMPILER_GLOBAL_ACCENT_COLOR_NAME = AccentColor;
				CODE_SIGN_STYLE = Automatic;
				CURRENT_PROJECT_VERSION = 1;
				DEVELOPMENT_TEAM = BW2HHJDSS8;
				GENERATE_INFOPLIST_FILE = YES;
				INFOPLIST_FILE = ContactList/Info.plist;
				INFOPLIST_KEY_NSPhotoLibraryAddUsageDescription = "相簿使用權限";
				INFOPLIST_KEY_NSPhotoLibraryUsageDescription = "Photo使用權限2";
				INFOPLIST_KEY_UIApplicationSupportsIndirectInputEvents = YES;
				INFOPLIST_KEY_UILaunchStoryboardName = LaunchScreen;
				INFOPLIST_KEY_UIMainStoryboardFile = Main;
				INFOPLIST_KEY_UISupportedInterfaceOrientations_iPad = "UIInterfaceOrientationPortrait UIInterfaceOrientationPortraitUpsideDown UIInterfaceOrientationLandscapeLeft UIInterfaceOrientationLandscapeRight";
				INFOPLIST_KEY_UISupportedInterfaceOrientations_iPhone = "UIInterfaceOrientationPortrait UIInterfaceOrientationLandscapeLeft UIInterfaceOrientationLandscapeRight";
				LD_RUNPATH_SEARCH_PATHS = (
					"$(inherited)",
					"@executable_path/Frameworks",
				);
				MARKETING_VERSION = 1.0;
				PRODUCT_BUNDLE_IDENTIFIER = com.emct.ContactList;
				PRODUCT_NAME = "$(TARGET_NAME)";
				SWIFT_EMIT_LOC_STRINGS = YES;
				SWIFT_VERSION = 5.0;
				TARGETED_DEVICE_FAMILY = "1,2";
			};
			name = Debug;
		};
		04DBE9CD27D098CA00241CFA /* Release */ = {
			isa = XCBuildConfiguration;
			buildSettings = {
				ASSETCATALOG_COMPILER_APPICON_NAME = AppIcon;
				ASSETCATALOG_COMPILER_GLOBAL_ACCENT_COLOR_NAME = AccentColor;
				CODE_SIGN_STYLE = Automatic;
				CURRENT_PROJECT_VERSION = 1;
				DEVELOPMENT_TEAM = BW2HHJDSS8;
				GENERATE_INFOPLIST_FILE = YES;
				INFOPLIST_FILE = ContactList/Info.plist;
				INFOPLIST_KEY_NSPhotoLibraryAddUsageDescription = "相簿使用權限";
				INFOPLIST_KEY_NSPhotoLibraryUsageDescription = "Photo使用權限2";
				INFOPLIST_KEY_UIApplicationSupportsIndirectInputEvents = YES;
				INFOPLIST_KEY_UILaunchStoryboardName = LaunchScreen;
				INFOPLIST_KEY_UIMainStoryboardFile = Main;
				INFOPLIST_KEY_UISupportedInterfaceOrientations_iPad = "UIInterfaceOrientationPortrait UIInterfaceOrientationPortraitUpsideDown UIInterfaceOrientationLandscapeLeft UIInterfaceOrientationLandscapeRight";
				INFOPLIST_KEY_UISupportedInterfaceOrientations_iPhone = "UIInterfaceOrientationPortrait UIInterfaceOrientationLandscapeLeft UIInterfaceOrientationLandscapeRight";
				LD_RUNPATH_SEARCH_PATHS = (
					"$(inherited)",
					"@executable_path/Frameworks",
				);
				MARKETING_VERSION = 1.0;
				PRODUCT_BUNDLE_IDENTIFIER = com.emct.ContactList;
				PRODUCT_NAME = "$(TARGET_NAME)";
				SWIFT_EMIT_LOC_STRINGS = YES;
				SWIFT_VERSION = 5.0;
				TARGETED_DEVICE_FAMILY = "1,2";
			};
			name = Release;
		};
/* End XCBuildConfiguration section */

/* Begin XCConfigurationList section */
		04DBE9B227D098C500241CFA /* Build configuration list for PBXProject "ContactList" */ = {
			isa = XCConfigurationList;
			buildConfigurations = (
				04DBE9C927D098CA00241CFA /* Debug */,
				04DBE9CA27D098CA00241CFA /* Release */,
			);
			defaultConfigurationIsVisible = 0;
			defaultConfigurationName = Release;
		};
		04DBE9CB27D098CA00241CFA /* Build configuration list for PBXNativeTarget "ContactList" */ = {
			isa = XCConfigurationList;
			buildConfigurations = (
				04DBE9CC27D098CA00241CFA /* Debug */,
				04DBE9CD27D098CA00241CFA /* Release */,
			);
			defaultConfigurationIsVisible = 0;
			defaultConfigurationName = Release;
		};
/* End XCConfigurationList section */

/* Begin XCRemoteSwiftPackageReference section */
		04DBE9CE27D0990400241CFA /* XCRemoteSwiftPackageReference "SQLite" */ = {
			isa = XCRemoteSwiftPackageReference;
			repositoryURL = "https://github.com/stephencelis/SQLite.swift";
			requirement = {
				branch = master;
				kind = branch;
			};
		};
/* End XCRemoteSwiftPackageReference section */

/* Begin XCSwiftPackageProductDependency section */
		04DBE9CF27D0990400241CFA /* SQLite */ = {
			isa = XCSwiftPackageProductDependency;
			package = 04DBE9CE27D0990400241CFA /* XCRemoteSwiftPackageReference "SQLite" */;
			productName = SQLite;
		};
/* End XCSwiftPackageProductDependency section */
	};
	rootObject = 04DBE9AF27D098C500241CFA /* Project object */;
}
